version: v1.4.3
dependencies:
  - name: alloy
    repository: https://grafana.github.io/helm-charts
    version: 1.7.0
  - name: base
    repository: https://istio-release.storage.googleapis.com/charts
    version: 1.29.1
  - name: istiod
    repository: https://istio-release.storage.googleapis.com/charts
    version: 1.29.1
  - name: kube-prometheus-stack
    repository: https://prometheus-community.github.io/helm-charts
    version: 83.3.0
  - name: loki
    repository: https://grafana-community.github.io/helm-charts
    version: 11.4.0
  - name: tempo
    repository: https://grafana-community.github.io/helm-charts
    version: 2.0.0
digest: sha256:f9ea7e8ced20f2465291ad8ccd22d163d53787b4c136f87290f6bcd9d0a15505
generated: "2026-04-10T02:57:26.298821+03:00"
