version: v1.4.3
dependencies:
  - name: alloy
    repository: https://grafana.github.io/helm-charts
    version: 1.7.0
  - name: kube-prometheus-stack
    repository: https://prometheus-community.github.io/helm-charts
    version: 83.3.0
  - name: loki
    repository: https://grafana-community.github.io/helm-charts
    version: 11.4.0
  - name: pyroscope
    repository: https://grafana.github.io/helm-charts
    version: 1.20.3
  - name: tempo
    repository: https://grafana-community.github.io/helm-charts
    version: 2.0.0
digest: sha256:5dcb9e3a1a6681c26bf53bdae070d2827eecdb94c2d4afcf9f1168b89ed653ef
generated: "2026-04-24T01:18:55.264478+03:00"
