version: v1.4.3
dependencies:
  - name: alloy
    repository: https://grafana.github.io/helm-charts
    version: 1.0.3
  - name: kube-prometheus-stack
    repository: https://prometheus-community.github.io/helm-charts
    version: 72.6.2
  - name: loki
    repository: https://grafana.github.io/helm-charts
    version: 6.55.0
  - name: tempo
    repository: https://grafana.github.io/helm-charts
    version: 1.21.1
digest: sha256:4623ac478b77b94c38bfc90c9975b438e5d59b6394e12e7e73044b7ca389a3cc
generated: "2026-04-08T21:25:40.899216+03:00"
